{
  "originHash" : "e625a89e03cd242fe5442699d63ec0ee20a68d40ebd26dbb8d2754ab466db405",
  "pins" : [
    {
      "identity" : "engine",
      "kind" : "remoteSourceControl",
      "location" : "https://github.com/nathantannar4/Engine",
      "state" : {
        "revision" : "fafea4c1b310805801eae6fc8e21d3179cf903d7",
        "version" : "1.8.6"
      }
    },
    {
      "identity" : "swift-syntax",
      "kind" : "remoteSourceControl",
      "location" : "https://github.com/apple/swift-syntax.git",
      "state" : {
        "revision" : "64889f0c732f210a935a0ad7cda38f77f876262d",
        "version" : "509.1.1"
      }
    },
    {
      "identity" : "swiftui-atom-properties",
      "kind" : "remoteSourceControl",
      "location" : "https://github.com/ra1028/swiftui-atom-properties",
      "state" : {
        "revision" : "77485a980aeea9022fdcdd7a5c79657c1998fe2e",
        "version" : "0.7.0"
      }
    }
  ],
  "version" : 3
}
