{
  "originHash" : "fe66f89b7f3b3eaa0e78803505d06d82a7c16903e579ca6e507f79bc6ba1d02d",
  "pins" : [
    {
      "identity" : "engine",
      "kind" : "remoteSourceControl",
      "location" : "https://github.com/nathantannar4/Engine",
      "state" : {
        "revision" : "e6118c35b1a5d78a14b2ac311385c695875e044c",
        "version" : "2.3.0"
      }
    },
    {
      "identity" : "swift-syntax",
      "kind" : "remoteSourceControl",
      "location" : "https://github.com/swiftlang/swift-syntax",
      "state" : {
        "revision" : "4799286537280063c85a32f09884cfbca301b1a1",
        "version" : "602.0.0"
      }
    },
    {
      "identity" : "swiftui-atom-properties",
      "kind" : "remoteSourceControl",
      "location" : "https://github.com/ra1028/swiftui-atom-properties",
      "state" : {
        "revision" : "4b5227d41836050132453c54f63a939d8ada1a59",
        "version" : "0.8.2"
      }
    }
  ],
  "version" : 3
}
